
Microsoft Visual Studio Solution File, Format Version 12.00
# Visual Studio Version 17
VisualStudioVersion = 17.11.35222.181
MinimumVisualStudioVersion = 10.0.40219.1
Project("{FAE04EC0-301F-11D3-BF4B-00C04F79EFBC}") = "identity", "identity\identity.csproj", "{DA0AF182-E571-4E2E-BC71-55E01F32C102}"
EndProject
Global
	GlobalSection(SolutionConfigurationPlatforms) = preSolution
		Debug|Any CPU = Debug|Any CPU
		Release|Any CPU = Release|Any CPU
	EndGlobalSection
	GlobalSection(ProjectConfigurationPlatforms) = postSolution
		{DA0AF182-E571-4E2E-BC71-55E01F32C102}.Debug|Any CPU.ActiveCfg = Debug|Any CPU
		{DA0AF182-E571-4E2E-BC71-55E01F32C102}.Debug|Any CPU.Build.0 = Debug|Any CPU
		{DA0AF182-E571-4E2E-BC71-55E01F32C102}.Release|Any CPU.ActiveCfg = Release|Any CPU
		{DA0AF182-E571-4E2E-BC71-55E01F32C102}.Release|Any CPU.Build.0 = Release|Any CPU
	EndGlobalSection
	GlobalSection(SolutionProperties) = preSolution
		HideSolutionNode = FALSE
	EndGlobalSection
	GlobalSection(ExtensibilityGlobals) = postSolution
		SolutionGuid = {E1D65A31-0D91-4D23-BFD7-A7E6C861D394}
	EndGlobalSection
EndGlobal
